
Microsoft Visual Studio Solution File, Format Version 12.00
# Visual Studio 15
VisualStudioVersion = 15.0.27703.2018
MinimumVisualStudioVersion = 10.0.40219.1
Project("{9A19103F-16F7-4668-BE54-9A1E7A4F7556}") = "CoreApp", "CoreApp\CoreApp.csproj", "{09708F38-4CBF-41CC-B71C-5419C4CCB0C1}"
EndProject
Project("{FAE04EC0-301F-11D3-BF4B-00C04F79EFBC}") = "CoreTest", "CoreTest\CoreTest.csproj", "{11D8C57D-2365-4CDF-97C1-7C863BE6B84A}"
EndProject
Global
	GlobalSection(SolutionConfigurationPlatforms) = preSolution
		Debug|Any CPU = Debug|Any CPU
		Release|Any CPU = Release|Any CPU
	EndGlobalSection
	GlobalSection(ProjectConfigurationPlatforms) = postSolution
		{09708F38-4CBF-41CC-B71C-5419C4CCB0C1}.Debug|Any CPU.ActiveCfg = Debug|Any CPU
		{09708F38-4CBF-41CC-B71C-5419C4CCB0C1}.Debug|Any CPU.Build.0 = Debug|Any CPU
		{09708F38-4CBF-41CC-B71C-5419C4CCB0C1}.Release|Any CPU.ActiveCfg = Release|Any CPU
		{09708F38-4CBF-41CC-B71C-5419C4CCB0C1}.Release|Any CPU.Build.0 = Release|Any CPU
		{11D8C57D-2365-4CDF-97C1-7C863BE6B84A}.Debug|Any CPU.ActiveCfg = Debug|Any CPU
		{11D8C57D-2365-4CDF-97C1-7C863BE6B84A}.Debug|Any CPU.Build.0 = Debug|Any CPU
		{11D8C57D-2365-4CDF-97C1-7C863BE6B84A}.Release|Any CPU.ActiveCfg = Release|Any CPU
		{11D8C57D-2365-4CDF-97C1-7C863BE6B84A}.Release|Any CPU.Build.0 = Release|Any CPU
	EndGlobalSection
	GlobalSection(SolutionProperties) = preSolution
		HideSolutionNode = FALSE
	EndGlobalSection
	GlobalSection(ExtensibilityGlobals) = postSolution
		SolutionGuid = {927A515B-8554-4F3F-9C03-A7395F9BA8C5}
	EndGlobalSection
EndGlobal
